// !$*UTF8*$!
{
	archiveVersion = 1;
	classes = {
	};
	objectVersion = 50;
	objects = {

/* Begin PBXBuildFile section */
		66B2F2E025128DEE0030DCBA /* AppDelegate.swift in Sources */ = {isa = PBXBuildFile; fileRef = 66B2F2DF25128DEE0030DCBA /* AppDelegate.swift */; };
		66B2F2E225128DEE0030DCBA /* SceneDelegate.swift in Sources */ = {isa = PBXBuildFile; fileRef = 66B2F2E125128DEE0030DCBA /* SceneDelegate.swift */; };
		66B2F2E425128DEE0030DCBA /* ViewController.swift in Sources */ = {isa = PBXBuildFile; fileRef = 66B2F2E325128DEE0030DCBA /* ViewController.swift */; };
		66B2F2E725128DEE0030DCBA /* Main.storyboard in Resources */ = {isa = PBXBuildFile; fileRef = 66B2F2E525128DEE0030DCBA /* Main.storyboard */; };
		66B2F2E925128DF10030DCBA /* Assets.xcassets in Resources */ = {isa = PBXBuildFile; fileRef = 66B2F2E825128DF10030DCBA /* Assets.xcassets */; };
		66B2F2EC25128DF10030DCBA /* LaunchScreen.storyboard in Resources */ = {isa = PBXBuildFile; fileRef = 66B2F2EA25128DF10030DCBA /* LaunchScreen.storyboard */; };
		66B2F2F4251290660030DCBA /* ImageViewController.swift in Sources */ = {isa = PBXBuildFile; fileRef = 66B2F2F3251290660030DCBA /* ImageViewController.swift */; };
		66B2F2F6251292F90030DCBA /* Members.swift in Sources */ = {isa = PBXBuildFile; fileRef = 66B2F2F5251292F90030DCBA /* Members.swift */; };
/* End PBXBuildFile section */

/* Begin PBXFileReference section */
		66B2F2DC25128DEE0030DCBA /* GumballBook.app */ = {isa = PBXFileReference; explicitFileType = wrapper.application; includeInIndex = 0; path = GumballBook.app; sourceTree = BUILT_PRODUCTS_DIR; };
		66B2F2DF25128DEE0030DCBA /* AppDelegate.swift */ = {isa = PBXFileReference; lastKnownFileType = sourcecode.swift; path = AppDelegate.swift; sourceTree = "<group>"; };
		66B2F2E125128DEE0030DCBA /* SceneDelegate.swift */ = {isa = PBXFileReference; lastKnownFileType = sourcecode.swift; path = SceneDelegate.swift; sourceTree = "<group>"; };
		66B2F2E325128DEE0030DCBA /* ViewController.swift */ = {isa = PBXFileReference; lastKnownFileType = sourcecode.swift; path = ViewController.swift; sourceTree = "<group>"; };
		66B2F2E625128DEE0030DCBA /* Base */ = {isa = PBXFileReference; lastKnownFileType = file.storyboard; name = Base; path = Base.lproj/Main.storyboard; sourceTree = "<group>"; };
		66B2F2E825128DF10030DCBA /* Assets.xcassets */ = {isa = PBXFileReference; lastKnownFileType = folder.assetcatalog; path = Assets.xcassets; sourceTree = "<group>"; };
		66B2F2EB25128DF10030DCBA /* Base */ = {isa = PBXFileReference; lastKnownFileType = file.storyboard; name = Base; path = Base.lproj/LaunchScreen.storyboard; sourceTree = "<group>"; };
		66B2F2ED25128DF10030DCBA /* Info.plist */ = {isa = PBXFileReference; lastKnownFileType = text.plist.xml; path = Info.plist; sourceTree = "<group>"; };
		66B2F2F3251290660030DCBA /* ImageViewController.swift */ = {isa = PBXFileReference; lastKnownFileType = sourcecode.swift; path = ImageViewController.swift; sourceTree = "<group>"; };
		66B2F2F5251292F90030DCBA /* Members.swift */ = {isa = PBXFileReference; lastKnownFileType = sourcecode.swift; path = Members.swift; sourceTree = "<group>"; };
/* End PBXFileReference section */

/* Begin PBXFrameworksBuildPhase section */
		66B2F2D925128DEE0030DCBA /* Frameworks */ = {
			isa = PBXFrameworksBuildPhase;
			buildActionMask = 2147483647;
			files = (
			);
			runOnlyForDeploymentPostprocessing = 0;
		};
/* End PBXFrameworksBuildPhase section */

/* Begin PBXGroup section */
		66B2F2D325128DEE0030DCBA = {
			isa = PBXGroup;
			children = (
				66B2F2DE25128DEE0030DCBA /* GumballBook */,
				66B2F2DD25128DEE0030DCBA /* Products */,
			);
			sourceTree = "<group>";
		};
		66B2F2DD25128DEE0030DCBA /* Products */ = {
			isa = PBXGroup;
			children = (
				66B2F2DC25128DEE0030DCBA /* GumballBook.app */,
			);
			name = Products;
			sourceTree = "<group>";
		};
		66B2F2DE25128DEE0030DCBA /* GumballBook */ = {
			isa = PBXGroup;
			children = (
				66B2F2DF25128DEE0030DCBA /* AppDelegate.swift */,
				66B2F2E125128DEE0030DCBA /* SceneDelegate.swift */,
				66B2F2E325128DEE0030DCBA /* ViewController.swift */,
				66B2F2E525128DEE0030DCBA /* Main.storyboard */,
				66B2F2E825128DF10030DCBA /* Assets.xcassets */,
				66B2F2EA25128DF10030DCBA /* LaunchScreen.storyboard */,
				66B2F2ED25128DF10030DCBA /* Info.plist */,
				66B2F2F3251290660030DCBA /* ImageViewController.swift */,
				66B2F2F5251292F90030DCBA /* Members.swift */,
			);
			path = GumballBook;
			sourceTree = "<group>";
		};
/* End PBXGroup section */

/* Begin PBXNativeTarget section */
		66B2F2DB25128DEE0030DCBA /* GumballBook */ = {
			isa = PBXNativeTarget;
			buildConfigurationList = 66B2F2F025128DF10030DCBA /* Build configuration list for PBXNativeTarget "GumballBook" */;
			buildPhases = (
				66B2F2D825128DEE0030DCBA /* Sources */,
				66B2F2D925128DEE0030DCBA /* Frameworks */,
				66B2F2DA25128DEE0030DCBA /* Resources */,
			);
			buildRules = (
			);
			dependencies = (
			);
			name = GumballBook;
			productName = GumballBook;
			productReference = 66B2F2DC25128DEE0030DCBA /* GumballBook.app */;
			productType = "com.apple.product-type.application";
		};
/* End PBXNativeTarget section */

/* Begin PBXProject section */
		66B2F2D425128DEE0030DCBA /* Project object */ = {
			isa = PBXProject;
			attributes = {
				LastSwiftUpdateCheck = 1170;
				LastUpgradeCheck = 1170;
				ORGANIZATIONNAME = testinium;
				TargetAttributes = {
					66B2F2DB25128DEE0030DCBA = {
						CreatedOnToolsVersion = 11.7;
					};
				};
			};
			buildConfigurationList = 66B2F2D725128DEE0030DCBA /* Build configuration list for PBXProject "GumballBook" */;
			compatibilityVersion = "Xcode 9.3";
			developmentRegion = en;
			hasScannedForEncodings = 0;
			knownRegions = (
				en,
				Base,
			);
			mainGroup = 66B2F2D325128DEE0030DCBA;
			productRefGroup = 66B2F2DD25128DEE0030DCBA /* Products */;
			projectDirPath = "";
			projectRoot = "";
			targets = (
				66B2F2DB25128DEE0030DCBA /* GumballBook */,
			);
		};
/* End PBXProject section */

/* Begin PBXResourcesBuildPhase section */
		66B2F2DA25128DEE0030DCBA /* Resources */ = {
			isa = PBXResourcesBuildPhase;
			buildActionMask = 2147483647;
			files = (
				66B2F2EC25128DF10030DCBA /* LaunchScreen.storyboard in Resources */,
				66B2F2E925128DF10030DCBA /* Assets.xcassets in Resources */,
				66B2F2E725128DEE0030DCBA /* Main.storyboard in Resources */,
			);
			runOnlyForDeploymentPostprocessing = 0;
		};
/* End PBXResourcesBuildPhase section */

/* Begin PBXSourcesBuildPhase section */
		66B2F2D825128DEE0030DCBA /* Sources */ = {
			isa = PBXSourcesBuildPhase;
			buildActionMask = 2147483647;
			files = (
				66B2F2E425128DEE0030DCBA /* ViewController.swift in Sources */,
				66B2F2F6251292F90030DCBA /* Members.swift in Sources */,
				66B2F2E025128DEE0030DCBA /* AppDelegate.swift in Sources */,
				66B2F2F4251290660030DCBA /* ImageViewController.swift in Sources */,
				66B2F2E225128DEE0030DCBA /* SceneDelegate.swift in Sources */,
			);
			runOnlyForDeploymentPostprocessing = 0;
		};
/* End PBXSourcesBuildPhase section */

/* Begin PBXVariantGroup section */
		66B2F2E525128DEE0030DCBA /* Main.storyboard */ = {
			isa = PBXVariantGroup;
			children = (
				66B2F2E625128DEE0030DCBA /* Base */,
			);
			name = Main.storyboard;
			sourceTree = "<group>";
		};
		66B2F2EA25128DF10030DCBA /* LaunchScreen.storyboard */ = {
			isa = PBXVariantGroup;
			children = (
				66B2F2EB25128DF10030DCBA /* Base */,
			);
			name = LaunchScreen.storyboard;
			sourceTree = "<group>";
		};
/* End PBXVariantGroup section */

/* Begin XCBuildConfiguration section */
		66B2F2EE25128DF10030DCBA /* Debug */ = {
			isa = XCBuildConfiguration;
			buildSettings = {
				ALWAYS_SEARCH_USER_PATHS = NO;
				CLANG_ANALYZER_NONNULL = YES;
				CLANG_ANALYZER_NUMBER_OBJECT_CONVERSION = YES_AGGRESSIVE;
				CLANG_CXX_LANGUAGE_STANDARD = "gnu++14";
				CLANG_CXX_LIBRARY = "libc++";
				CLANG_ENABLE_MODULES = YES;
				CLANG_ENABLE_OBJC_ARC = YES;
				CLANG_ENABLE_OBJC_WEAK = YES;
				CLANG_WARN_BLOCK_CAPTURE_AUTORELEASING = YES;
				CLANG_WARN_BOOL_CONVERSION = YES;
				CLANG_WARN_COMMA = YES;
				CLANG_WARN_CONSTANT_CONVERSION = YES;
				CLANG_WARN_DEPRECATED_OBJC_IMPLEMENTATIONS = YES;
				CLANG_WARN_DIRECT_OBJC_ISA_USAGE = YES_ERROR;
				CLANG_WARN_DOCUMENTATION_COMMENTS = YES;
				CLANG_WARN_EMPTY_BODY = YES;
				CLANG_WARN_ENUM_CONVERSION = YES;
				CLANG_WARN_INFINITE_RECURSION = YES;
				CLANG_WARN_INT_CONVERSION = YES;
				CLANG_WARN_NON_LITERAL_NULL_CONVERSION = YES;
				CLANG_WARN_OBJC_IMPLICIT_RETAIN_SELF = YES;
				CLANG_WARN_OBJC_LITERAL_CONVERSION = YES;
				CLANG_WARN_OBJC_ROOT_CLASS = YES_ERROR;
				CLANG_WARN_RANGE_LOOP_ANALYSIS = YES;
				CLANG_WARN_STRICT_PROTOTYPES = YES;
				CLANG_WARN_SUSPICIOUS_MOVE = YES;
				CLANG_WARN_UNGUARDED_AVAILABILITY = YES_AGGRESSIVE;
				CLANG_WARN_UNREACHABLE_CODE = YES;
				CLANG_WARN__DUPLICATE_METHOD_MATCH = YES;
				COPY_PHASE_STRIP = NO;
				DEBUG_INFORMATION_FORMAT = dwarf;
				ENABLE_STRICT_OBJC_MSGSEND = YES;
				ENABLE_TESTABILITY = YES;
				GCC_C_LANGUAGE_STANDARD = gnu11;
				GCC_DYNAMIC_NO_PIC = NO;
				GCC_NO_COMMON_BLOCKS = YES;
				GCC_OPTIMIZATION_LEVEL = 0;
				GCC_PREPROCESSOR_DEFINITIONS = (
					"DEBUG=1",
					"$(inherited)",
				);
				GCC_WARN_64_TO_32_BIT_CONVERSION = YES;
				GCC_WARN_ABOUT_RETURN_TYPE = YES_ERROR;
				GCC_WARN_UNDECLARED_SELECTOR = YES;
				GCC_WARN_UNINITIALIZED_AUTOS = YES_AGGRESSIVE;
				GCC_WARN_UNUSED_FUNCTION = YES;
				GCC_WARN_UNUSED_VARIABLE = YES;
				IPHONEOS_DEPLOYMENT_TARGET = 13.7;
				MTL_ENABLE_DEBUG_INFO = INCLUDE_SOURCE;
				MTL_FAST_MATH = YES;
				ONLY_ACTIVE_ARCH = YES;
				SDKROOT = iphoneos;
				SWIFT_ACTIVE_COMPILATION_CONDITIONS = DEBUG;
				SWIFT_OPTIMIZATION_LEVEL = "-Onone";
			};
			name = Debug;
		};
		66B2F2EF25128DF10030DCBA /* Release */ = {
			isa = XCBuildConfiguration;
			buildSettings = {
				ALWAYS_SEARCH_USER_PATHS = NO;
				CLANG_ANALYZER_NONNULL = YES;
				CLANG_ANALYZER_NUMBER_OBJECT_CONVERSION = YES_AGGRESSIVE;
				CLANG_CXX_LANGUAGE_STANDARD = "gnu++14";
				CLANG_CXX_LIBRARY = "libc++";
				CLANG_ENABLE_MODULES = YES;
				CLANG_ENABLE_OBJC_ARC = YES;
				CLANG_ENABLE_OBJC_WEAK = YES;
				CLANG_WARN_BLOCK_CAPTURE_AUTORELEASING = YES;
				CLANG_WARN_BOOL_CONVERSION = YES;
				CLANG_WARN_COMMA = YES;
				CLANG_WARN_CONSTANT_CONVERSION = YES;
				CLANG_WARN_DEPRECATED_OBJC_IMPLEMENTATIONS = YES;
				CLANG_WARN_DIRECT_OBJC_ISA_USAGE = YES_ERROR;
				CLANG_WARN_DOCUMENTATION_COMMENTS = YES;
				CLANG_WARN_EMPTY_BODY = YES;
				CLANG_WARN_ENUM_CONVERSION = YES;
				CLANG_WARN_INFINITE_RECURSION = YES;
				CLANG_WARN_INT_CONVERSION = YES;
				CLANG_WARN_NON_LITERAL_NULL_CONVERSION = YES;
				CLANG_WARN_OBJC_IMPLICIT_RETAIN_SELF = YES;
				CLANG_WARN_OBJC_LITERAL_CONVERSION = YES;
				CLANG_WARN_OBJC_ROOT_CLASS = YES_ERROR;
				CLANG_WARN_RANGE_LOOP_ANALYSIS = YES;
				CLANG_WARN_STRICT_PROTOTYPES = YES;
				CLANG_WARN_SUSPICIOUS_MOVE = YES;
				CLANG_WARN_UNGUARDED_AVAILABILITY = YES_AGGRESSIVE;
				CLANG_WARN_UNREACHABLE_CODE = YES;
				CLANG_WARN__DUPLICATE_METHOD_MATCH = YES;
				COPY_PHASE_STRIP = NO;
				DEBUG_INFORMATION_FORMAT = "dwarf-with-dsym";
				ENABLE_NS_ASSERTIONS = NO;
				ENABLE_STRICT_OBJC_MSGSEND = YES;
				GCC_C_LANGUAGE_STANDARD = gnu11;
				GCC_NO_COMMON_BLOCKS = YES;
				GCC_WARN_64_TO_32_BIT_CONVERSION = YES;
				GCC_WARN_ABOUT_RETURN_TYPE = YES_ERROR;
				GCC_WARN_UNDECLARED_SELECTOR = YES;
				GCC_WARN_UNINITIALIZED_AUTOS = YES_AGGRESSIVE;
				GCC_WARN_UNUSED_FUNCTION = YES;
				GCC_WARN_UNUSED_VARIABLE = YES;
				IPHONEOS_DEPLOYMENT_TARGET = 13.7;
				MTL_ENABLE_DEBUG_INFO = NO;
				MTL_FAST_MATH = YES;
				SDKROOT = iphoneos;
				SWIFT_COMPILATION_MODE = wholemodule;
				SWIFT_OPTIMIZATION_LEVEL = "-O";
				VALIDATE_PRODUCT = YES;
			};
			name = Release;
		};
		66B2F2F125128DF10030DCBA /* Debug */ = {
			isa = XCBuildConfiguration;
			buildSettings = {
				ASSETCATALOG_COMPILER_APPICON_NAME = AppIcon;
				CODE_SIGN_STYLE = Automatic;
				DEVELOPMENT_TEAM = 72N2689J99;
				INFOPLIST_FILE = GumballBook/Info.plist;
				LD_RUNPATH_SEARCH_PATHS = (
					"$(inherited)",
					"@executable_path/Frameworks",
				);
				PRODUCT_BUNDLE_IDENTIFIER = com.study.zeynep.GumballBook;
				PRODUCT_NAME = "$(TARGET_NAME)";
				SWIFT_VERSION = 5.0;
				TARGETED_DEVICE_FAMILY = "1,2";
			};
			name = Debug;
		};
		66B2F2F225128DF10030DCBA /* Release */ = {
			isa = XCBuildConfiguration;
			buildSettings = {
				ASSETCATALOG_COMPILER_APPICON_NAME = AppIcon;
				CODE_SIGN_STYLE = Automatic;
				DEVELOPMENT_TEAM = 72N2689J99;
				INFOPLIST_FILE = GumballBook/Info.plist;
				LD_RUNPATH_SEARCH_PATHS = (
					"$(inherited)",
					"@executable_path/Frameworks",
				);
				PRODUCT_BUNDLE_IDENTIFIER = com.study.zeynep.GumballBook;
				PRODUCT_NAME = "$(TARGET_NAME)";
				SWIFT_VERSION = 5.0;
				TARGETED_DEVICE_FAMILY = "1,2";
			};
			name = Release;
		};
/* End XCBuildConfiguration section */

/* Begin XCConfigurationList section */
		66B2F2D725128DEE0030DCBA /* Build configuration list for PBXProject "GumballBook" */ = {
			isa = XCConfigurationList;
			buildConfigurations = (
				66B2F2EE25128DF10030DCBA /* Debug */,
				66B2F2EF25128DF10030DCBA /* Release */,
			);
			defaultConfigurationIsVisible = 0;
			defaultConfigurationName = Release;
		};
		66B2F2F025128DF10030DCBA /* Build configuration list for PBXNativeTarget "GumballBook" */ = {
			isa = XCConfigurationList;
			buildConfigurations = (
				66B2F2F125128DF10030DCBA /* Debug */,
				66B2F2F225128DF10030DCBA /* Release */,
			);
			defaultConfigurationIsVisible = 0;
			defaultConfigurationName = Release;
		};
/* End XCConfigurationList section */
	};
	rootObject = 66B2F2D425128DEE0030DCBA /* Project object */;
}
